
Microsoft Visual Studio Solution File, Format Version 12.00
# Visual Studio Version 16
VisualStudioVersion = 16.0.29728.190
MinimumVisualStudioVersion = 10.0.40219.1
Project("{FAE04EC0-301F-11D3-BF4B-00C04F79EFBC}") = "SnackMachine.Logic", "SnackMachine.Logic\SnackMachine.Logic.csproj", "{EE2AB2F0-354F-4B53-8724-0E5D2C8E1502}"
EndProject
Project("{FAE04EC0-301F-11D3-BF4B-00C04F79EFBC}") = "SnackMachine.Tests", "SnackMachine.Tests\SnackMachine.Tests.csproj", "{048661F7-81AD-4F3C-A8AF-BC6AD5767235}"
EndProject
Project("{FAE04EC0-301F-11D3-BF4B-00C04F79EFBC}") = "SnackMachine.UI", "SnackMachine.UI\SnackMachine.UI.csproj", "{152E8D7B-22D9-4532-8FA8-16D339FB5649}"
EndProject
Project("{2150E333-8FDC-42A3-9474-1A3956D46DE8}") = "Files", "Files", "{DE704C57-66C2-492E-B431-72D06747F850}"
EndProject
Project("{2150E333-8FDC-42A3-9474-1A3956D46DE8}") = "Db", "Db", "{EEE01CBA-6F6B-4AE3-AC08-059998B4D762}"
	ProjectSection(SolutionItems) = preProject
		..\..\..\SnackMachineDbInit.bak = ..\..\..\SnackMachineDbInit.bak
	EndProjectSection
EndProject
Global
	GlobalSection(SolutionConfigurationPlatforms) = preSolution
		Debug|Any CPU = Debug|Any CPU
		Release|Any CPU = Release|Any CPU
	EndGlobalSection
	GlobalSection(ProjectConfigurationPlatforms) = postSolution
		{EE2AB2F0-354F-4B53-8724-0E5D2C8E1502}.Debug|Any CPU.ActiveCfg = Debug|Any CPU
		{EE2AB2F0-354F-4B53-8724-0E5D2C8E1502}.Debug|Any CPU.Build.0 = Debug|Any CPU
		{EE2AB2F0-354F-4B53-8724-0E5D2C8E1502}.Release|Any CPU.ActiveCfg = Release|Any CPU
		{EE2AB2F0-354F-4B53-8724-0E5D2C8E1502}.Release|Any CPU.Build.0 = Release|Any CPU
		{048661F7-81AD-4F3C-A8AF-BC6AD5767235}.Debug|Any CPU.ActiveCfg = Debug|Any CPU
		{048661F7-81AD-4F3C-A8AF-BC6AD5767235}.Debug|Any CPU.Build.0 = Debug|Any CPU
		{048661F7-81AD-4F3C-A8AF-BC6AD5767235}.Release|Any CPU.ActiveCfg = Release|Any CPU
		{048661F7-81AD-4F3C-A8AF-BC6AD5767235}.Release|Any CPU.Build.0 = Release|Any CPU
		{152E8D7B-22D9-4532-8FA8-16D339FB5649}.Debug|Any CPU.ActiveCfg = Debug|Any CPU
		{152E8D7B-22D9-4532-8FA8-16D339FB5649}.Debug|Any CPU.Build.0 = Debug|Any CPU
		{152E8D7B-22D9-4532-8FA8-16D339FB5649}.Release|Any CPU.ActiveCfg = Release|Any CPU
		{152E8D7B-22D9-4532-8FA8-16D339FB5649}.Release|Any CPU.Build.0 = Release|Any CPU
	EndGlobalSection
	GlobalSection(SolutionProperties) = preSolution
		HideSolutionNode = FALSE
	EndGlobalSection
	GlobalSection(NestedProjects) = preSolution
		{EEE01CBA-6F6B-4AE3-AC08-059998B4D762} = {DE704C57-66C2-492E-B431-72D06747F850}
	EndGlobalSection
	GlobalSection(ExtensibilityGlobals) = postSolution
		SolutionGuid = {A47EC662-1B78-4921-92D7-163A722E7E9F}
	EndGlobalSection
EndGlobal
